
Microsoft Visual Studio Solution File, Format Version 12.00
# Visual Studio Version 17
VisualStudioVersion = 17.6.33815.320
MinimumVisualStudioVersion = 10.0.40219.1
Project("{9A19103F-16F7-4668-BE54-9A1E7A4F7556}") = "Demo01Biblioteque", "Demo01Biblioteque\Demo01Biblioteque.csproj", "{763723B6-65A1-4E9F-8CA5-CE68E285D6D9}"
EndProject
Project("{2150E333-8FDC-42A3-9474-1A3956D46DE8}") = "Demos", "Demos", "{0641C548-139E-4B8D-B924-D3419F81F273}"
EndProject
Project("{2150E333-8FDC-42A3-9474-1A3956D46DE8}") = "Exercices", "Exercices", "{3407AE4F-1863-4FAE-BC63-7FEFE0625DD7}"
EndProject
Project("{9A19103F-16F7-4668-BE54-9A1E7A4F7556}") = "Demo01Bibliotheque.Test", "Demo01Bibliotheque.Test\Demo01Bibliotheque.Test.csproj", "{302D987F-F11F-4940-AA67-BD2E3ECDA46A}"
EndProject
Project("{9A19103F-16F7-4668-BE54-9A1E7A4F7556}") = "ExerciseLibrary", "ExerciseLibrary\ExerciseLibrary.csproj", "{AF4E1669-839D-4F5C-9F2C-BD9EC3724485}"
EndProject
Project("{9A19103F-16F7-4668-BE54-9A1E7A4F7556}") = "Exercise1.Test", "Exercise1.Text\Exercise1.Test.csproj", "{C2ED7C56-FF6F-4D16-AF32-200A4176C21E}"
EndProject
Project("{FAE04EC0-301F-11D3-BF4B-00C04F79EFBC}") = "Exercise2.Test", "Exercise2.Test\Exercise2.Test.csproj", "{7B49801A-B6AC-4D9B-9E61-D78A2CCF7703}"
EndProject
Global
	GlobalSection(SolutionConfigurationPlatforms) = preSolution
		Debug|Any CPU = Debug|Any CPU
		Release|Any CPU = Release|Any CPU
	EndGlobalSection
	GlobalSection(ProjectConfigurationPlatforms) = postSolution
		{763723B6-65A1-4E9F-8CA5-CE68E285D6D9}.Debug|Any CPU.ActiveCfg = Debug|Any CPU
		{763723B6-65A1-4E9F-8CA5-CE68E285D6D9}.Debug|Any CPU.Build.0 = Debug|Any CPU
		{763723B6-65A1-4E9F-8CA5-CE68E285D6D9}.Release|Any CPU.ActiveCfg = Release|Any CPU
		{763723B6-65A1-4E9F-8CA5-CE68E285D6D9}.Release|Any CPU.Build.0 = Release|Any CPU
		{302D987F-F11F-4940-AA67-BD2E3ECDA46A}.Debug|Any CPU.ActiveCfg = Debug|Any CPU
		{302D987F-F11F-4940-AA67-BD2E3ECDA46A}.Debug|Any CPU.Build.0 = Debug|Any CPU
		{302D987F-F11F-4940-AA67-BD2E3ECDA46A}.Release|Any CPU.ActiveCfg = Release|Any CPU
		{302D987F-F11F-4940-AA67-BD2E3ECDA46A}.Release|Any CPU.Build.0 = Release|Any CPU
		{AF4E1669-839D-4F5C-9F2C-BD9EC3724485}.Debug|Any CPU.ActiveCfg = Debug|Any CPU
		{AF4E1669-839D-4F5C-9F2C-BD9EC3724485}.Debug|Any CPU.Build.0 = Debug|Any CPU
		{AF4E1669-839D-4F5C-9F2C-BD9EC3724485}.Release|Any CPU.ActiveCfg = Release|Any CPU
		{AF4E1669-839D-4F5C-9F2C-BD9EC3724485}.Release|Any CPU.Build.0 = Release|Any CPU
		{C2ED7C56-FF6F-4D16-AF32-200A4176C21E}.Debug|Any CPU.ActiveCfg = Debug|Any CPU
		{C2ED7C56-FF6F-4D16-AF32-200A4176C21E}.Debug|Any CPU.Build.0 = Debug|Any CPU
		{C2ED7C56-FF6F-4D16-AF32-200A4176C21E}.Release|Any CPU.ActiveCfg = Release|Any CPU
		{C2ED7C56-FF6F-4D16-AF32-200A4176C21E}.Release|Any CPU.Build.0 = Release|Any CPU
		{7B49801A-B6AC-4D9B-9E61-D78A2CCF7703}.Debug|Any CPU.ActiveCfg = Debug|Any CPU
		{7B49801A-B6AC-4D9B-9E61-D78A2CCF7703}.Debug|Any CPU.Build.0 = Debug|Any CPU
		{7B49801A-B6AC-4D9B-9E61-D78A2CCF7703}.Release|Any CPU.ActiveCfg = Release|Any CPU
		{7B49801A-B6AC-4D9B-9E61-D78A2CCF7703}.Release|Any CPU.Build.0 = Release|Any CPU
	EndGlobalSection
	GlobalSection(SolutionProperties) = preSolution
		HideSolutionNode = FALSE
	EndGlobalSection
	GlobalSection(NestedProjects) = preSolution
		{763723B6-65A1-4E9F-8CA5-CE68E285D6D9} = {0641C548-139E-4B8D-B924-D3419F81F273}
		{302D987F-F11F-4940-AA67-BD2E3ECDA46A} = {0641C548-139E-4B8D-B924-D3419F81F273}
		{AF4E1669-839D-4F5C-9F2C-BD9EC3724485} = {3407AE4F-1863-4FAE-BC63-7FEFE0625DD7}
		{C2ED7C56-FF6F-4D16-AF32-200A4176C21E} = {3407AE4F-1863-4FAE-BC63-7FEFE0625DD7}
		{7B49801A-B6AC-4D9B-9E61-D78A2CCF7703} = {3407AE4F-1863-4FAE-BC63-7FEFE0625DD7}
	EndGlobalSection
	GlobalSection(ExtensibilityGlobals) = postSolution
		SolutionGuid = {9CA1674F-CD59-4AD3-A43C-1F4CE6F5A1CB}
	EndGlobalSection
EndGlobal
